
Microsoft Visual Studio Solution File, Format Version 12.00
# Visual Studio 15
VisualStudioVersion = 15.0.27703.2035
MinimumVisualStudioVersion = 10.0.40219.1
Project("{FAE04EC0-301F-11D3-BF4B-00C04F79EFBC}") = "AccountsUI", "Accounts\AccountsUI.csproj", "{5E889830-0F50-4D84-8A3C-427D0BA098DB}"
EndProject
Project("{FAE04EC0-301F-11D3-BF4B-00C04F79EFBC}") = "AccountsLibrary", "AccountsLibrary\AccountsLibrary.csproj", "{7E6D287E-ED24-4E5F-8B8E-AC7B62391566}"
EndProject
Project("{2150E333-8FDC-42A3-9474-1A3956D46DE8}") = "Oven", "Oven", "{2F0A670C-DF7F-471D-B38A-D49CD06BC264}"
EndProject
Project("{FAE04EC0-301F-11D3-BF4B-00C04F79EFBC}") = "Oven", "Oven\Oven.csproj", "{24B65BE4-70C0-4F46-B88C-3905787CD8F3}"
EndProject
Global
	GlobalSection(SolutionConfigurationPlatforms) = preSolution
		Debug|Any CPU = Debug|Any CPU
		Release|Any CPU = Release|Any CPU
	EndGlobalSection
	GlobalSection(ProjectConfigurationPlatforms) = postSolution
		{5E889830-0F50-4D84-8A3C-427D0BA098DB}.Debug|Any CPU.ActiveCfg = Debug|Any CPU
		{5E889830-0F50-4D84-8A3C-427D0BA098DB}.Debug|Any CPU.Build.0 = Debug|Any CPU
		{5E889830-0F50-4D84-8A3C-427D0BA098DB}.Release|Any CPU.ActiveCfg = Release|Any CPU
		{5E889830-0F50-4D84-8A3C-427D0BA098DB}.Release|Any CPU.Build.0 = Release|Any CPU
		{7E6D287E-ED24-4E5F-8B8E-AC7B62391566}.Debug|Any CPU.ActiveCfg = Debug|Any CPU
		{7E6D287E-ED24-4E5F-8B8E-AC7B62391566}.Debug|Any CPU.Build.0 = Debug|Any CPU
		{7E6D287E-ED24-4E5F-8B8E-AC7B62391566}.Release|Any CPU.ActiveCfg = Release|Any CPU
		{7E6D287E-ED24-4E5F-8B8E-AC7B62391566}.Release|Any CPU.Build.0 = Release|Any CPU
		{24B65BE4-70C0-4F46-B88C-3905787CD8F3}.Debug|Any CPU.ActiveCfg = Debug|Any CPU
		{24B65BE4-70C0-4F46-B88C-3905787CD8F3}.Debug|Any CPU.Build.0 = Debug|Any CPU
		{24B65BE4-70C0-4F46-B88C-3905787CD8F3}.Release|Any CPU.ActiveCfg = Release|Any CPU
		{24B65BE4-70C0-4F46-B88C-3905787CD8F3}.Release|Any CPU.Build.0 = Release|Any CPU
	EndGlobalSection
	GlobalSection(SolutionProperties) = preSolution
		HideSolutionNode = FALSE
	EndGlobalSection
	GlobalSection(NestedProjects) = preSolution
		{24B65BE4-70C0-4F46-B88C-3905787CD8F3} = {2F0A670C-DF7F-471D-B38A-D49CD06BC264}
	EndGlobalSection
	GlobalSection(ExtensibilityGlobals) = postSolution
		SolutionGuid = {1456F499-8B74-401B-AB8F-9DCAB6339EC6}
	EndGlobalSection
EndGlobal
